{
  "originHash" : "ffddf2f60209744622f8cdb9f9eb3fa63ba6de23c87eba44a11b4a34536dfad0",
  "pins" : [
    {
      "identity" : "figlet",
      "kind" : "remoteSourceControl",
      "location" : "https://github.com/wrkstrm/Figlet.git",
      "state" : {
        "revision" : "a2e391362334a474ade65aa08adacc2388f9d715",
        "version" : "0.0.1"
      }
    },
    {
      "identity" : "swift-argument-parser",
      "kind" : "remoteSourceControl",
      "location" : "https://github.com/apple/swift-argument-parser.git",
      "state" : {
        "revision" : "41982a3656a71c768319979febd796c6fd111d5c",
        "version" : "1.5.0"
      }
    }
  ],
  "version" : 3
}
